
Microsoft Visual Studio Solution File, Format Version 12.00
# Visual Studio Version 17
VisualStudioVersion = 17.10.34928.147
MinimumVisualStudioVersion = 10.0.40219.1
Project("{9A19103F-16F7-4668-BE54-9A1E7A4F7556}") = "DoonProperty", "DoonProperty\DoonProperty.csproj", "{8FA4E5A8-3F94-4F44-BE01-56713F5988D6}"
EndProject
Project("{9A19103F-16F7-4668-BE54-9A1E7A4F7556}") = "DoonProperty.Models", "Common.Models\DoonProperty.Models.csproj", "{3152BEC0-B839-4EE9-8844-9007746459A5}"
EndProject
Project("{FAE04EC0-301F-11D3-BF4B-00C04F79EFBC}") = "DoonProperty.Services", "DoonProperty.Services\DoonProperty.Services.csproj", "{34A43D62-97F4-4607-B292-43B1950648A0}"
EndProject
Project("{FAE04EC0-301F-11D3-BF4B-00C04F79EFBC}") = "DoonProerty.DataModel", "DoonProerty.DataModel\DoonProerty.DataModel.csproj", "{B28FB6E9-CCAE-4BB8-AD98-3BCEC86CD220}"
EndProject
Global
	GlobalSection(SolutionConfigurationPlatforms) = preSolution
		Debug|Any CPU = Debug|Any CPU
		Release|Any CPU = Release|Any CPU
	EndGlobalSection
	GlobalSection(ProjectConfigurationPlatforms) = postSolution
		{8FA4E5A8-3F94-4F44-BE01-56713F5988D6}.Debug|Any CPU.ActiveCfg = Debug|Any CPU
		{8FA4E5A8-3F94-4F44-BE01-56713F5988D6}.Debug|Any CPU.Build.0 = Debug|Any CPU
		{8FA4E5A8-3F94-4F44-BE01-56713F5988D6}.Release|Any CPU.ActiveCfg = Release|Any CPU
		{8FA4E5A8-3F94-4F44-BE01-56713F5988D6}.Release|Any CPU.Build.0 = Release|Any CPU
		{3152BEC0-B839-4EE9-8844-9007746459A5}.Debug|Any CPU.ActiveCfg = Debug|Any CPU
		{3152BEC0-B839-4EE9-8844-9007746459A5}.Debug|Any CPU.Build.0 = Debug|Any CPU
		{3152BEC0-B839-4EE9-8844-9007746459A5}.Release|Any CPU.ActiveCfg = Release|Any CPU
		{3152BEC0-B839-4EE9-8844-9007746459A5}.Release|Any CPU.Build.0 = Release|Any CPU
		{34A43D62-97F4-4607-B292-43B1950648A0}.Debug|Any CPU.ActiveCfg = Debug|Any CPU
		{34A43D62-97F4-4607-B292-43B1950648A0}.Debug|Any CPU.Build.0 = Debug|Any CPU
		{34A43D62-97F4-4607-B292-43B1950648A0}.Release|Any CPU.ActiveCfg = Release|Any CPU
		{34A43D62-97F4-4607-B292-43B1950648A0}.Release|Any CPU.Build.0 = Release|Any CPU
		{B28FB6E9-CCAE-4BB8-AD98-3BCEC86CD220}.Debug|Any CPU.ActiveCfg = Debug|Any CPU
		{B28FB6E9-CCAE-4BB8-AD98-3BCEC86CD220}.Debug|Any CPU.Build.0 = Debug|Any CPU
		{B28FB6E9-CCAE-4BB8-AD98-3BCEC86CD220}.Release|Any CPU.ActiveCfg = Release|Any CPU
		{B28FB6E9-CCAE-4BB8-AD98-3BCEC86CD220}.Release|Any CPU.Build.0 = Release|Any CPU
	EndGlobalSection
	GlobalSection(SolutionProperties) = preSolution
		HideSolutionNode = FALSE
	EndGlobalSection
	GlobalSection(ExtensibilityGlobals) = postSolution
		SolutionGuid = {A085B604-9555-41EC-8CB8-764FC1D40F9E}
	EndGlobalSection
EndGlobal
